
Microsoft Visual Studio Solution File, Format Version 12.00
# Visual Studio Version 17
VisualStudioVersion = 17.0.31903.59
MinimumVisualStudioVersion = 10.0.40219.1
Project("{2150E333-8FDC-42A3-9474-1A3956D46DE8}") = "Solution Items", "Solution Items", "{2CA97098-3AA9-4F13-A9A5-31140B311642}"
	ProjectSection(SolutionItems) = preProject
		.editorconfig = .editorconfig
		.gitignore = .gitignore
		CHANGELOG.md = CHANGELOG.md
		CHECKLIST.md = CHECKLIST.md
		Directory.Build.props = Directory.Build.props
		LICENSE.txt = LICENSE.txt
		.github\workflows\main.yml = .github\workflows\main.yml
		lib\settings\Mapito.ruleset = lib\settings\Mapito.ruleset
		README.md = README.md
		lib\settings\stylecop.json = lib\settings\stylecop.json
	EndProjectSection
EndProject
Project("{2150E333-8FDC-42A3-9474-1A3956D46DE8}") = "Source", "Source", "{9D3842B1-1B05-40D6-A291-2630578B9EA4}"
EndProject
Project("{2150E333-8FDC-42A3-9474-1A3956D46DE8}") = "Tests", "Tests", "{A9815764-1ECA-468D-8033-3BEE0C0D2107}"
EndProject
Project("{9A19103F-16F7-4668-BE54-9A1E7A4F7556}") = "Mapito", "src\Mapito\Mapito.csproj", "{3BB0F1AE-4F39-4B1D-8FC6-01A3C7E50E64}"
EndProject
Project("{9A19103F-16F7-4668-BE54-9A1E7A4F7556}") = "Mapito.Tests", "test\Mapito.Tests\Mapito.Tests.csproj", "{BF2BBAA0-D99B-460A-B111-68E9E55F91E9}"
EndProject
Global
	GlobalSection(SolutionConfigurationPlatforms) = preSolution
		Debug|Any CPU = Debug|Any CPU
		Release|Any CPU = Release|Any CPU
	EndGlobalSection
	GlobalSection(ProjectConfigurationPlatforms) = postSolution
		{3BB0F1AE-4F39-4B1D-8FC6-01A3C7E50E64}.Debug|Any CPU.ActiveCfg = Debug|Any CPU
		{3BB0F1AE-4F39-4B1D-8FC6-01A3C7E50E64}.Debug|Any CPU.Build.0 = Debug|Any CPU
		{3BB0F1AE-4F39-4B1D-8FC6-01A3C7E50E64}.Release|Any CPU.ActiveCfg = Release|Any CPU
		{3BB0F1AE-4F39-4B1D-8FC6-01A3C7E50E64}.Release|Any CPU.Build.0 = Release|Any CPU
		{BF2BBAA0-D99B-460A-B111-68E9E55F91E9}.Debug|Any CPU.ActiveCfg = Debug|Any CPU
		{BF2BBAA0-D99B-460A-B111-68E9E55F91E9}.Debug|Any CPU.Build.0 = Debug|Any CPU
		{BF2BBAA0-D99B-460A-B111-68E9E55F91E9}.Release|Any CPU.ActiveCfg = Release|Any CPU
		{BF2BBAA0-D99B-460A-B111-68E9E55F91E9}.Release|Any CPU.Build.0 = Release|Any CPU
	EndGlobalSection
	GlobalSection(SolutionProperties) = preSolution
		HideSolutionNode = FALSE
	EndGlobalSection
	GlobalSection(NestedProjects) = preSolution
		{3BB0F1AE-4F39-4B1D-8FC6-01A3C7E50E64} = {9D3842B1-1B05-40D6-A291-2630578B9EA4}
		{BF2BBAA0-D99B-460A-B111-68E9E55F91E9} = {A9815764-1ECA-468D-8033-3BEE0C0D2107}
	EndGlobalSection
	GlobalSection(ExtensibilityGlobals) = postSolution
		SolutionGuid = {C12600EC-70C1-4B33-BACF-7562613F4532}
	EndGlobalSection
EndGlobal
